
Microsoft Visual Studio Solution File, Format Version 12.00
# Visual Studio Version 17
VisualStudioVersion = 17.9.34723.18
MinimumVisualStudioVersion = 10.0.40219.1
Project("{2150E333-8FDC-42A3-9474-1A3956D46DE8}") = "UtiliSense.Solar", "UtiliSense.Solar", "{0E560C6B-EED2-4A66-8E1D-A82456A8F63F}"
EndProject
Project("{2150E333-8FDC-42A3-9474-1A3956D46DE8}") = "UtiliSense.Water", "UtiliSense.Water", "{9A259C31-57A2-4453-A73C-F57A2EC82296}"
EndProject
Project("{2150E333-8FDC-42A3-9474-1A3956D46DE8}") = "UtiliSense.Grid", "UtiliSense.Grid", "{288816CC-62EE-4483-B04D-B743AD389F2C}"
EndProject
Project("{2150E333-8FDC-42A3-9474-1A3956D46DE8}") = "UtiliSense.Gas", "UtiliSense.Gas", "{F9F8318B-9DF2-4E17-A9AB-4667BBD0A565}"
EndProject
Project("{9A19103F-16F7-4668-BE54-9A1E7A4F7556}") = "UtiliSense.Gas.UnitTests", "UtiliSense.Gas.Tests\UtiliSense.Gas.UnitTests.csproj", "{8617B5CE-3BBF-4829-8F84-9C04C26C380C}"
EndProject
Project("{9A19103F-16F7-4668-BE54-9A1E7A4F7556}") = "UtiliSense.Grid.UnitTests", "UtiliSense.Grid.Tests\UtiliSense.Grid.UnitTests.csproj", "{EBD14CBC-350E-4564-8840-0099A066B0A4}"
EndProject
Project("{9A19103F-16F7-4668-BE54-9A1E7A4F7556}") = "UtiliSense.Solar.UnitTests", "UtiliSense.Solar.Tests\UtiliSense.Solar.UnitTests.csproj", "{C6272314-B835-4DE8-A53A-35930081A4F2}"
EndProject
Project("{9A19103F-16F7-4668-BE54-9A1E7A4F7556}") = "UtiliSense.Water.UnitTests", "UtiliSense.Water.Tests\UtiliSense.Water.UnitTests.csproj", "{C2BA9039-6ECA-4B0E-80B8-76302ACEF5FC}"
EndProject
Project("{9A19103F-16F7-4668-BE54-9A1E7A4F7556}") = "UtiliSense.Gas.Api", "UtiliSense.Gas\UtiliSense.Gas.Api.csproj", "{2C146546-802D-4B2B-A32E-22FC4F69EA46}"
EndProject
Project("{9A19103F-16F7-4668-BE54-9A1E7A4F7556}") = "UtiliSense.Grid.Api", "UtiliSense.Grid\UtiliSense.Grid.Api.csproj", "{FDBB9228-C262-420A-8101-6C1DD0FD95FB}"
EndProject
Project("{9A19103F-16F7-4668-BE54-9A1E7A4F7556}") = "UtiliSense.Solar.Api", "UtiliSense.Solar\UtiliSense.Solar.Api.csproj", "{49695805-F45B-4376-B518-A133DE4C0438}"
EndProject
Project("{9A19103F-16F7-4668-BE54-9A1E7A4F7556}") = "UtiliSense.Water.Api", "UtiliSense.Water\UtiliSense.Water.Api.csproj", "{B20EE292-2272-4C34-940F-918211CD5E83}"
EndProject
Project("{2150E333-8FDC-42A3-9474-1A3956D46DE8}") = "Endpoints", "Endpoints", "{EAD0665C-E090-4DB3-A723-0103DC1368CC}"
EndProject
Project("{2150E333-8FDC-42A3-9474-1A3956D46DE8}") = "Data", "Data", "{54187645-347D-45BD-9DE6-9D729D2CEFC9}"
EndProject
Project("{2150E333-8FDC-42A3-9474-1A3956D46DE8}") = "Tests", "Tests", "{80D4F83A-8718-4BB7-A95C-664C10D4E84C}"
EndProject
Project("{2150E333-8FDC-42A3-9474-1A3956D46DE8}") = "Data", "Data", "{13CC9D08-7A26-4E83-937C-80CC614C170E}"
EndProject
Project("{2150E333-8FDC-42A3-9474-1A3956D46DE8}") = "Endpoints", "Endpoints", "{948E1BBA-B172-41FC-8D88-89236722216E}"
EndProject
Project("{2150E333-8FDC-42A3-9474-1A3956D46DE8}") = "Tests", "Tests", "{6AA09734-FC0E-43B9-9DC3-3FF60AFE6FC5}"
EndProject
Project("{2150E333-8FDC-42A3-9474-1A3956D46DE8}") = "Data", "Data", "{689737D6-948F-45C8-839B-9CA4DD4660C5}"
EndProject
Project("{2150E333-8FDC-42A3-9474-1A3956D46DE8}") = "Endpoints", "Endpoints", "{CBB1D2F8-9BCA-458E-8A6B-5A6A4DB768B8}"
EndProject
Project("{2150E333-8FDC-42A3-9474-1A3956D46DE8}") = "Tests", "Tests", "{7BB72384-714A-49E2-92A9-CC8049BED088}"
EndProject
Project("{2150E333-8FDC-42A3-9474-1A3956D46DE8}") = "Data", "Data", "{ACA777CB-114D-43E6-A3CA-6558B67890DB}"
EndProject
Project("{2150E333-8FDC-42A3-9474-1A3956D46DE8}") = "Endpoints", "Endpoints", "{7D51915F-411E-4662-998B-BE9F926705BC}"
EndProject
Project("{2150E333-8FDC-42A3-9474-1A3956D46DE8}") = "Tests", "Tests", "{B7FA3264-AAF8-4E5F-8CB8-4D880E5BCE06}"
EndProject
Project("{9A19103F-16F7-4668-BE54-9A1E7A4F7556}") = "UtiliSense.Gas.Data", "UtiliSense.Gas.Data\UtiliSense.Gas.Data.csproj", "{BDBE937B-1DE5-45B5-97E1-99CCBB361E0B}"
EndProject
Project("{9A19103F-16F7-4668-BE54-9A1E7A4F7556}") = "UtiliSense.Grid.Data", "UtiliSense.Grid.Data\UtiliSense.Grid.Data.csproj", "{6057D785-2B5E-4B66-89F7-E8A978C8010B}"
EndProject
Project("{9A19103F-16F7-4668-BE54-9A1E7A4F7556}") = "UtiliSense.Solar.Data", "UtiliSense.Solar.Data\UtiliSense.Solar.Data.csproj", "{F9FBE587-B556-4A16-9C60-74729CEE3239}"
EndProject
Project("{9A19103F-16F7-4668-BE54-9A1E7A4F7556}") = "UtiliSense.Water.Data", "UtiliSense.Water.Data\UtiliSense.Water.Data.csproj", "{48DD8274-2315-4A31-AE15-2B38250B7983}"
EndProject
Project("{2150E333-8FDC-42A3-9474-1A3956D46DE8}") = "Services", "Services", "{7B67DD2C-075C-410F-AD66-4A0F8E7F8450}"
EndProject
Project("{2150E333-8FDC-42A3-9474-1A3956D46DE8}") = "Services", "Services", "{A31B6CF2-5D17-4309-B506-0FBA24C1C111}"
EndProject
Project("{2150E333-8FDC-42A3-9474-1A3956D46DE8}") = "Services", "Services", "{DF21099C-1440-4995-B052-56CF6A1AB673}"
EndProject
Project("{2150E333-8FDC-42A3-9474-1A3956D46DE8}") = "Services", "Services", "{297B862C-7372-46D2-9480-7048312A409C}"
EndProject
Project("{9A19103F-16F7-4668-BE54-9A1E7A4F7556}") = "UtiliSense.Gas.Services", "UtiliSense.Gas.BizRules\UtiliSense.Gas.Services.csproj", "{2741D48D-28D8-4E90-B322-839A366E5DC4}"
EndProject
Project("{9A19103F-16F7-4668-BE54-9A1E7A4F7556}") = "UtiliSense.Grid.Services", "UtiliSense.Grid.BizRules\UtiliSense.Grid.Services.csproj", "{0B3EA6F2-CFA4-49A7-A337-E99351689F58}"
EndProject
Project("{9A19103F-16F7-4668-BE54-9A1E7A4F7556}") = "UtiliSense.Solar.Services", "UtiliSense.Solar.BizRules\UtiliSense.Solar.Services.csproj", "{02DF89E4-A7E4-4A46-9C65-A0F66F67D602}"
EndProject
Project("{9A19103F-16F7-4668-BE54-9A1E7A4F7556}") = "UtiliSense.Water.BizRules", "UtiliSense.Water.BizRules\UtiliSense.Water.BizRules.csproj", "{E7C7C22D-708E-4E23-97D2-00015C314576}"
EndProject
Project("{2150E333-8FDC-42A3-9474-1A3956D46DE8}") = "UnitTests", "UnitTests", "{D9A0E732-9DCD-407B-A6AC-957362824EE1}"
EndProject
Project("{2150E333-8FDC-42A3-9474-1A3956D46DE8}") = "UnitTests", "UnitTests", "{7C1551A4-404F-4B01-8265-172FC70FFDF5}"
EndProject
Project("{2150E333-8FDC-42A3-9474-1A3956D46DE8}") = "UnitTests", "UnitTests", "{6F715EB7-1FCC-46B3-8845-1EAA5CC0259C}"
EndProject
Project("{2150E333-8FDC-42A3-9474-1A3956D46DE8}") = "UnitTests", "UnitTests", "{01F014D6-3E38-455D-8893-8E856A1356A8}"
EndProject
Project("{2150E333-8FDC-42A3-9474-1A3956D46DE8}") = "FunctionalTests", "FunctionalTests", "{A45940D9-2FBC-4AF4-A0D7-728960BBF622}"
EndProject
Project("{2150E333-8FDC-42A3-9474-1A3956D46DE8}") = "FunctionalTests", "FunctionalTests", "{892F6F18-9E71-4A2E-A0BC-A0726B632F64}"
EndProject
Project("{2150E333-8FDC-42A3-9474-1A3956D46DE8}") = "FunctionalTests", "FunctionalTests", "{DD6F74CA-388B-422B-B98A-30DE29E57C8D}"
EndProject
Project("{2150E333-8FDC-42A3-9474-1A3956D46DE8}") = "FunctionalTests", "FunctionalTests", "{33BAF900-CD37-4049-8CA4-91EF190EE60B}"
EndProject
Project("{9A19103F-16F7-4668-BE54-9A1E7A4F7556}") = "UtiliSense.Solar.FunctionalTests", "UtiliSense.Solar.FunctionalTests\UtiliSense.Solar.FunctionalTests.csproj", "{1CB3F02B-AAF9-4AF0-A8D6-E8D44745EE29}"
EndProject
Project("{9A19103F-16F7-4668-BE54-9A1E7A4F7556}") = "UtiliSense.Gas.FunctionalTests", "UtiliSense.Gas.FunctionalTests\UtiliSense.Gas.FunctionalTests.csproj", "{010B0F85-BD53-4411-8AEF-FD7BBFC975A6}"
EndProject
Project("{9A19103F-16F7-4668-BE54-9A1E7A4F7556}") = "UtiliSense.Grid.FunctionalTests", "UtiliSense.Grid.FunctionalTests\UtiliSense.Grid.FunctionalTests.csproj", "{003AC340-C1F0-4039-85C6-1AD4DF1C99B0}"
EndProject
Project("{9A19103F-16F7-4668-BE54-9A1E7A4F7556}") = "UtiliSense.Water.FunctionalTests", "UtiliSense.Water.FunctionalTests\UtiliSense.Water.FunctionalTests.csproj", "{FAED1912-BA14-45F6-8412-88E243D397B5}"
EndProject
Global
	GlobalSection(SolutionConfigurationPlatforms) = preSolution
		Debug|Any CPU = Debug|Any CPU
		Release|Any CPU = Release|Any CPU
	EndGlobalSection
	GlobalSection(ProjectConfigurationPlatforms) = postSolution
		{8617B5CE-3BBF-4829-8F84-9C04C26C380C}.Debug|Any CPU.ActiveCfg = Debug|Any CPU
		{8617B5CE-3BBF-4829-8F84-9C04C26C380C}.Debug|Any CPU.Build.0 = Debug|Any CPU
		{8617B5CE-3BBF-4829-8F84-9C04C26C380C}.Release|Any CPU.ActiveCfg = Release|Any CPU
		{8617B5CE-3BBF-4829-8F84-9C04C26C380C}.Release|Any CPU.Build.0 = Release|Any CPU
		{EBD14CBC-350E-4564-8840-0099A066B0A4}.Debug|Any CPU.ActiveCfg = Debug|Any CPU
		{EBD14CBC-350E-4564-8840-0099A066B0A4}.Debug|Any CPU.Build.0 = Debug|Any CPU
		{EBD14CBC-350E-4564-8840-0099A066B0A4}.Release|Any CPU.ActiveCfg = Release|Any CPU
		{EBD14CBC-350E-4564-8840-0099A066B0A4}.Release|Any CPU.Build.0 = Release|Any CPU
		{C6272314-B835-4DE8-A53A-35930081A4F2}.Debug|Any CPU.ActiveCfg = Debug|Any CPU
		{C6272314-B835-4DE8-A53A-35930081A4F2}.Debug|Any CPU.Build.0 = Debug|Any CPU
		{C6272314-B835-4DE8-A53A-35930081A4F2}.Release|Any CPU.ActiveCfg = Release|Any CPU
		{C6272314-B835-4DE8-A53A-35930081A4F2}.Release|Any CPU.Build.0 = Release|Any CPU
		{C2BA9039-6ECA-4B0E-80B8-76302ACEF5FC}.Debug|Any CPU.ActiveCfg = Debug|Any CPU
		{C2BA9039-6ECA-4B0E-80B8-76302ACEF5FC}.Debug|Any CPU.Build.0 = Debug|Any CPU
		{C2BA9039-6ECA-4B0E-80B8-76302ACEF5FC}.Release|Any CPU.ActiveCfg = Release|Any CPU
		{C2BA9039-6ECA-4B0E-80B8-76302ACEF5FC}.Release|Any CPU.Build.0 = Release|Any CPU
		{2C146546-802D-4B2B-A32E-22FC4F69EA46}.Debug|Any CPU.ActiveCfg = Debug|Any CPU
		{2C146546-802D-4B2B-A32E-22FC4F69EA46}.Debug|Any CPU.Build.0 = Debug|Any CPU
		{2C146546-802D-4B2B-A32E-22FC4F69EA46}.Release|Any CPU.ActiveCfg = Release|Any CPU
		{2C146546-802D-4B2B-A32E-22FC4F69EA46}.Release|Any CPU.Build.0 = Release|Any CPU
		{FDBB9228-C262-420A-8101-6C1DD0FD95FB}.Debug|Any CPU.ActiveCfg = Debug|Any CPU
		{FDBB9228-C262-420A-8101-6C1DD0FD95FB}.Debug|Any CPU.Build.0 = Debug|Any CPU
		{FDBB9228-C262-420A-8101-6C1DD0FD95FB}.Release|Any CPU.ActiveCfg = Release|Any CPU
		{FDBB9228-C262-420A-8101-6C1DD0FD95FB}.Release|Any CPU.Build.0 = Release|Any CPU
		{49695805-F45B-4376-B518-A133DE4C0438}.Debug|Any CPU.ActiveCfg = Debug|Any CPU
		{49695805-F45B-4376-B518-A133DE4C0438}.Debug|Any CPU.Build.0 = Debug|Any CPU
		{49695805-F45B-4376-B518-A133DE4C0438}.Release|Any CPU.ActiveCfg = Release|Any CPU
		{49695805-F45B-4376-B518-A133DE4C0438}.Release|Any CPU.Build.0 = Release|Any CPU
		{B20EE292-2272-4C34-940F-918211CD5E83}.Debug|Any CPU.ActiveCfg = Debug|Any CPU
		{B20EE292-2272-4C34-940F-918211CD5E83}.Debug|Any CPU.Build.0 = Debug|Any CPU
		{B20EE292-2272-4C34-940F-918211CD5E83}.Release|Any CPU.ActiveCfg = Release|Any CPU
		{B20EE292-2272-4C34-940F-918211CD5E83}.Release|Any CPU.Build.0 = Release|Any CPU
		{BDBE937B-1DE5-45B5-97E1-99CCBB361E0B}.Debug|Any CPU.ActiveCfg = Debug|Any CPU
		{BDBE937B-1DE5-45B5-97E1-99CCBB361E0B}.Debug|Any CPU.Build.0 = Debug|Any CPU
		{BDBE937B-1DE5-45B5-97E1-99CCBB361E0B}.Release|Any CPU.ActiveCfg = Release|Any CPU
		{BDBE937B-1DE5-45B5-97E1-99CCBB361E0B}.Release|Any CPU.Build.0 = Release|Any CPU
		{6057D785-2B5E-4B66-89F7-E8A978C8010B}.Debug|Any CPU.ActiveCfg = Debug|Any CPU
		{6057D785-2B5E-4B66-89F7-E8A978C8010B}.Debug|Any CPU.Build.0 = Debug|Any CPU
		{6057D785-2B5E-4B66-89F7-E8A978C8010B}.Release|Any CPU.ActiveCfg = Release|Any CPU
		{6057D785-2B5E-4B66-89F7-E8A978C8010B}.Release|Any CPU.Build.0 = Release|Any CPU
		{F9FBE587-B556-4A16-9C60-74729CEE3239}.Debug|Any CPU.ActiveCfg = Debug|Any CPU
		{F9FBE587-B556-4A16-9C60-74729CEE3239}.Debug|Any CPU.Build.0 = Debug|Any CPU
		{F9FBE587-B556-4A16-9C60-74729CEE3239}.Release|Any CPU.ActiveCfg = Release|Any CPU
		{F9FBE587-B556-4A16-9C60-74729CEE3239}.Release|Any CPU.Build.0 = Release|Any CPU
		{48DD8274-2315-4A31-AE15-2B38250B7983}.Debug|Any CPU.ActiveCfg = Debug|Any CPU
		{48DD8274-2315-4A31-AE15-2B38250B7983}.Debug|Any CPU.Build.0 = Debug|Any CPU
		{48DD8274-2315-4A31-AE15-2B38250B7983}.Release|Any CPU.ActiveCfg = Release|Any CPU
		{48DD8274-2315-4A31-AE15-2B38250B7983}.Release|Any CPU.Build.0 = Release|Any CPU
		{2741D48D-28D8-4E90-B322-839A366E5DC4}.Debug|Any CPU.ActiveCfg = Debug|Any CPU
		{2741D48D-28D8-4E90-B322-839A366E5DC4}.Debug|Any CPU.Build.0 = Debug|Any CPU
		{2741D48D-28D8-4E90-B322-839A366E5DC4}.Release|Any CPU.ActiveCfg = Release|Any CPU
		{2741D48D-28D8-4E90-B322-839A366E5DC4}.Release|Any CPU.Build.0 = Release|Any CPU
		{0B3EA6F2-CFA4-49A7-A337-E99351689F58}.Debug|Any CPU.ActiveCfg = Debug|Any CPU
		{0B3EA6F2-CFA4-49A7-A337-E99351689F58}.Debug|Any CPU.Build.0 = Debug|Any CPU
		{0B3EA6F2-CFA4-49A7-A337-E99351689F58}.Release|Any CPU.ActiveCfg = Release|Any CPU
		{0B3EA6F2-CFA4-49A7-A337-E99351689F58}.Release|Any CPU.Build.0 = Release|Any CPU
		{02DF89E4-A7E4-4A46-9C65-A0F66F67D602}.Debug|Any CPU.ActiveCfg = Debug|Any CPU
		{02DF89E4-A7E4-4A46-9C65-A0F66F67D602}.Debug|Any CPU.Build.0 = Debug|Any CPU
		{02DF89E4-A7E4-4A46-9C65-A0F66F67D602}.Release|Any CPU.ActiveCfg = Release|Any CPU
		{02DF89E4-A7E4-4A46-9C65-A0F66F67D602}.Release|Any CPU.Build.0 = Release|Any CPU
		{E7C7C22D-708E-4E23-97D2-00015C314576}.Debug|Any CPU.ActiveCfg = Debug|Any CPU
		{E7C7C22D-708E-4E23-97D2-00015C314576}.Debug|Any CPU.Build.0 = Debug|Any CPU
		{E7C7C22D-708E-4E23-97D2-00015C314576}.Release|Any CPU.ActiveCfg = Release|Any CPU
		{E7C7C22D-708E-4E23-97D2-00015C314576}.Release|Any CPU.Build.0 = Release|Any CPU
		{1CB3F02B-AAF9-4AF0-A8D6-E8D44745EE29}.Debug|Any CPU.ActiveCfg = Debug|Any CPU
		{1CB3F02B-AAF9-4AF0-A8D6-E8D44745EE29}.Debug|Any CPU.Build.0 = Debug|Any CPU
		{1CB3F02B-AAF9-4AF0-A8D6-E8D44745EE29}.Release|Any CPU.ActiveCfg = Release|Any CPU
		{1CB3F02B-AAF9-4AF0-A8D6-E8D44745EE29}.Release|Any CPU.Build.0 = Release|Any CPU
		{010B0F85-BD53-4411-8AEF-FD7BBFC975A6}.Debug|Any CPU.ActiveCfg = Debug|Any CPU
		{010B0F85-BD53-4411-8AEF-FD7BBFC975A6}.Debug|Any CPU.Build.0 = Debug|Any CPU
		{010B0F85-BD53-4411-8AEF-FD7BBFC975A6}.Release|Any CPU.ActiveCfg = Release|Any CPU
		{010B0F85-BD53-4411-8AEF-FD7BBFC975A6}.Release|Any CPU.Build.0 = Release|Any CPU
		{003AC340-C1F0-4039-85C6-1AD4DF1C99B0}.Debug|Any CPU.ActiveCfg = Debug|Any CPU
		{003AC340-C1F0-4039-85C6-1AD4DF1C99B0}.Debug|Any CPU.Build.0 = Debug|Any CPU
		{003AC340-C1F0-4039-85C6-1AD4DF1C99B0}.Release|Any CPU.ActiveCfg = Release|Any CPU
		{003AC340-C1F0-4039-85C6-1AD4DF1C99B0}.Release|Any CPU.Build.0 = Release|Any CPU
		{FAED1912-BA14-45F6-8412-88E243D397B5}.Debug|Any CPU.ActiveCfg = Debug|Any CPU
		{FAED1912-BA14-45F6-8412-88E243D397B5}.Debug|Any CPU.Build.0 = Debug|Any CPU
		{FAED1912-BA14-45F6-8412-88E243D397B5}.Release|Any CPU.ActiveCfg = Release|Any CPU
		{FAED1912-BA14-45F6-8412-88E243D397B5}.Release|Any CPU.Build.0 = Release|Any CPU
	EndGlobalSection
	GlobalSection(SolutionProperties) = preSolution
		HideSolutionNode = FALSE
	EndGlobalSection
	GlobalSection(NestedProjects) = preSolution
		{8617B5CE-3BBF-4829-8F84-9C04C26C380C} = {D9A0E732-9DCD-407B-A6AC-957362824EE1}
		{EBD14CBC-350E-4564-8840-0099A066B0A4} = {7C1551A4-404F-4B01-8265-172FC70FFDF5}
		{C6272314-B835-4DE8-A53A-35930081A4F2} = {6F715EB7-1FCC-46B3-8845-1EAA5CC0259C}
		{C2BA9039-6ECA-4B0E-80B8-76302ACEF5FC} = {01F014D6-3E38-455D-8893-8E856A1356A8}
		{2C146546-802D-4B2B-A32E-22FC4F69EA46} = {CBB1D2F8-9BCA-458E-8A6B-5A6A4DB768B8}
		{FDBB9228-C262-420A-8101-6C1DD0FD95FB} = {948E1BBA-B172-41FC-8D88-89236722216E}
		{49695805-F45B-4376-B518-A133DE4C0438} = {EAD0665C-E090-4DB3-A723-0103DC1368CC}
		{B20EE292-2272-4C34-940F-918211CD5E83} = {7D51915F-411E-4662-998B-BE9F926705BC}
		{EAD0665C-E090-4DB3-A723-0103DC1368CC} = {0E560C6B-EED2-4A66-8E1D-A82456A8F63F}
		{54187645-347D-45BD-9DE6-9D729D2CEFC9} = {0E560C6B-EED2-4A66-8E1D-A82456A8F63F}
		{80D4F83A-8718-4BB7-A95C-664C10D4E84C} = {0E560C6B-EED2-4A66-8E1D-A82456A8F63F}
		{13CC9D08-7A26-4E83-937C-80CC614C170E} = {288816CC-62EE-4483-B04D-B743AD389F2C}
		{948E1BBA-B172-41FC-8D88-89236722216E} = {288816CC-62EE-4483-B04D-B743AD389F2C}
		{6AA09734-FC0E-43B9-9DC3-3FF60AFE6FC5} = {288816CC-62EE-4483-B04D-B743AD389F2C}
		{689737D6-948F-45C8-839B-9CA4DD4660C5} = {F9F8318B-9DF2-4E17-A9AB-4667BBD0A565}
		{CBB1D2F8-9BCA-458E-8A6B-5A6A4DB768B8} = {F9F8318B-9DF2-4E17-A9AB-4667BBD0A565}
		{7BB72384-714A-49E2-92A9-CC8049BED088} = {F9F8318B-9DF2-4E17-A9AB-4667BBD0A565}
		{ACA777CB-114D-43E6-A3CA-6558B67890DB} = {9A259C31-57A2-4453-A73C-F57A2EC82296}
		{7D51915F-411E-4662-998B-BE9F926705BC} = {9A259C31-57A2-4453-A73C-F57A2EC82296}
		{B7FA3264-AAF8-4E5F-8CB8-4D880E5BCE06} = {9A259C31-57A2-4453-A73C-F57A2EC82296}
		{BDBE937B-1DE5-45B5-97E1-99CCBB361E0B} = {689737D6-948F-45C8-839B-9CA4DD4660C5}
		{6057D785-2B5E-4B66-89F7-E8A978C8010B} = {13CC9D08-7A26-4E83-937C-80CC614C170E}
		{F9FBE587-B556-4A16-9C60-74729CEE3239} = {54187645-347D-45BD-9DE6-9D729D2CEFC9}
		{48DD8274-2315-4A31-AE15-2B38250B7983} = {ACA777CB-114D-43E6-A3CA-6558B67890DB}
		{7B67DD2C-075C-410F-AD66-4A0F8E7F8450} = {0E560C6B-EED2-4A66-8E1D-A82456A8F63F}
		{A31B6CF2-5D17-4309-B506-0FBA24C1C111} = {9A259C31-57A2-4453-A73C-F57A2EC82296}
		{DF21099C-1440-4995-B052-56CF6A1AB673} = {288816CC-62EE-4483-B04D-B743AD389F2C}
		{297B862C-7372-46D2-9480-7048312A409C} = {F9F8318B-9DF2-4E17-A9AB-4667BBD0A565}
		{2741D48D-28D8-4E90-B322-839A366E5DC4} = {297B862C-7372-46D2-9480-7048312A409C}
		{0B3EA6F2-CFA4-49A7-A337-E99351689F58} = {DF21099C-1440-4995-B052-56CF6A1AB673}
		{02DF89E4-A7E4-4A46-9C65-A0F66F67D602} = {7B67DD2C-075C-410F-AD66-4A0F8E7F8450}
		{E7C7C22D-708E-4E23-97D2-00015C314576} = {A31B6CF2-5D17-4309-B506-0FBA24C1C111}
		{D9A0E732-9DCD-407B-A6AC-957362824EE1} = {7BB72384-714A-49E2-92A9-CC8049BED088}
		{7C1551A4-404F-4B01-8265-172FC70FFDF5} = {6AA09734-FC0E-43B9-9DC3-3FF60AFE6FC5}
		{6F715EB7-1FCC-46B3-8845-1EAA5CC0259C} = {80D4F83A-8718-4BB7-A95C-664C10D4E84C}
		{01F014D6-3E38-455D-8893-8E856A1356A8} = {B7FA3264-AAF8-4E5F-8CB8-4D880E5BCE06}
		{A45940D9-2FBC-4AF4-A0D7-728960BBF622} = {80D4F83A-8718-4BB7-A95C-664C10D4E84C}
		{892F6F18-9E71-4A2E-A0BC-A0726B632F64} = {B7FA3264-AAF8-4E5F-8CB8-4D880E5BCE06}
		{DD6F74CA-388B-422B-B98A-30DE29E57C8D} = {6AA09734-FC0E-43B9-9DC3-3FF60AFE6FC5}
		{33BAF900-CD37-4049-8CA4-91EF190EE60B} = {7BB72384-714A-49E2-92A9-CC8049BED088}
		{1CB3F02B-AAF9-4AF0-A8D6-E8D44745EE29} = {A45940D9-2FBC-4AF4-A0D7-728960BBF622}
		{010B0F85-BD53-4411-8AEF-FD7BBFC975A6} = {33BAF900-CD37-4049-8CA4-91EF190EE60B}
		{003AC340-C1F0-4039-85C6-1AD4DF1C99B0} = {DD6F74CA-388B-422B-B98A-30DE29E57C8D}
		{FAED1912-BA14-45F6-8412-88E243D397B5} = {892F6F18-9E71-4A2E-A0BC-A0726B632F64}
	EndGlobalSection
	GlobalSection(ExtensibilityGlobals) = postSolution
		SolutionGuid = {69C9957E-86BF-4ECF-99C3-E19AD55AC1F8}
	EndGlobalSection
EndGlobal
