
Microsoft Visual Studio Solution File, Format Version 12.00
# Visual Studio Version 17
VisualStudioVersion = 17.9.34723.18
MinimumVisualStudioVersion = 10.0.40219.1
Project("{2150E333-8FDC-42A3-9474-1A3956D46DE8}") = "UtiliSense.Solar", "UtiliSense.Solar", "{0E560C6B-EED2-4A66-8E1D-A82456A8F63F}"
EndProject
Project("{2150E333-8FDC-42A3-9474-1A3956D46DE8}") = "UtiliSense.Water", "UtiliSense.Water", "{9A259C31-57A2-4453-A73C-F57A2EC82296}"
EndProject
Project("{2150E333-8FDC-42A3-9474-1A3956D46DE8}") = "UtiliSense.Grid", "UtiliSense.Grid", "{288816CC-62EE-4483-B04D-B743AD389F2C}"
EndProject
Project("{2150E333-8FDC-42A3-9474-1A3956D46DE8}") = "UtiliSense.Gas", "UtiliSense.Gas", "{F9F8318B-9DF2-4E17-A9AB-4667BBD0A565}"
EndProject
Project("{9A19103F-16F7-4668-BE54-9A1E7A4F7556}") = "UtiliSense.Gas.Tests", "UtiliSense.Gas.Tests\UtiliSense.Gas.Tests.csproj", "{8617B5CE-3BBF-4829-8F84-9C04C26C380C}"
EndProject
Project("{9A19103F-16F7-4668-BE54-9A1E7A4F7556}") = "UtiliSense.Grid.Tests", "UtiliSense.Grid.Tests\UtiliSense.Grid.Tests.csproj", "{EBD14CBC-350E-4564-8840-0099A066B0A4}"
EndProject
Project("{9A19103F-16F7-4668-BE54-9A1E7A4F7556}") = "UtiliSense.Solar.Tests", "UtiliSense.Solar.Tests\UtiliSense.Solar.Tests.csproj", "{C6272314-B835-4DE8-A53A-35930081A4F2}"
EndProject
Project("{9A19103F-16F7-4668-BE54-9A1E7A4F7556}") = "UtiliSense.Water.Tests", "UtiliSense.Water.Tests\UtiliSense.Water.Tests.csproj", "{C2BA9039-6ECA-4B0E-80B8-76302ACEF5FC}"
EndProject
Project("{9A19103F-16F7-4668-BE54-9A1E7A4F7556}") = "UtiliSense.Gas", "UtiliSense.Gas\UtiliSense.Gas.csproj", "{2C146546-802D-4B2B-A32E-22FC4F69EA46}"
EndProject
Project("{9A19103F-16F7-4668-BE54-9A1E7A4F7556}") = "UtiliSense.Grid", "UtiliSense.Grid\UtiliSense.Grid.csproj", "{FDBB9228-C262-420A-8101-6C1DD0FD95FB}"
EndProject
Project("{9A19103F-16F7-4668-BE54-9A1E7A4F7556}") = "UtiliSense.Solar", "UtiliSense.Solar\UtiliSense.Solar.csproj", "{49695805-F45B-4376-B518-A133DE4C0438}"
EndProject
Project("{9A19103F-16F7-4668-BE54-9A1E7A4F7556}") = "UtiliSense.Water", "UtiliSense.Water\UtiliSense.Water.csproj", "{B20EE292-2272-4C34-940F-918211CD5E83}"
EndProject
Project("{2150E333-8FDC-42A3-9474-1A3956D46DE8}") = "Service", "Service", "{EAD0665C-E090-4DB3-A723-0103DC1368CC}"
EndProject
Project("{2150E333-8FDC-42A3-9474-1A3956D46DE8}") = "Data", "Data", "{54187645-347D-45BD-9DE6-9D729D2CEFC9}"
EndProject
Project("{2150E333-8FDC-42A3-9474-1A3956D46DE8}") = "Tests", "Tests", "{80D4F83A-8718-4BB7-A95C-664C10D4E84C}"
EndProject
Project("{2150E333-8FDC-42A3-9474-1A3956D46DE8}") = "Data", "Data", "{13CC9D08-7A26-4E83-937C-80CC614C170E}"
EndProject
Project("{2150E333-8FDC-42A3-9474-1A3956D46DE8}") = "Service", "Service", "{948E1BBA-B172-41FC-8D88-89236722216E}"
EndProject
Project("{2150E333-8FDC-42A3-9474-1A3956D46DE8}") = "Tests", "Tests", "{6AA09734-FC0E-43B9-9DC3-3FF60AFE6FC5}"
EndProject
Project("{2150E333-8FDC-42A3-9474-1A3956D46DE8}") = "Data", "Data", "{689737D6-948F-45C8-839B-9CA4DD4660C5}"
EndProject
Project("{2150E333-8FDC-42A3-9474-1A3956D46DE8}") = "Service", "Service", "{CBB1D2F8-9BCA-458E-8A6B-5A6A4DB768B8}"
EndProject
Project("{2150E333-8FDC-42A3-9474-1A3956D46DE8}") = "Tests", "Tests", "{7BB72384-714A-49E2-92A9-CC8049BED088}"
EndProject
Project("{2150E333-8FDC-42A3-9474-1A3956D46DE8}") = "Data", "Data", "{ACA777CB-114D-43E6-A3CA-6558B67890DB}"
EndProject
Project("{2150E333-8FDC-42A3-9474-1A3956D46DE8}") = "Service", "Service", "{7D51915F-411E-4662-998B-BE9F926705BC}"
EndProject
Project("{2150E333-8FDC-42A3-9474-1A3956D46DE8}") = "Tests", "Tests", "{B7FA3264-AAF8-4E5F-8CB8-4D880E5BCE06}"
EndProject
Global
	GlobalSection(SolutionConfigurationPlatforms) = preSolution
		Debug|Any CPU = Debug|Any CPU
		Release|Any CPU = Release|Any CPU
	EndGlobalSection
	GlobalSection(ProjectConfigurationPlatforms) = postSolution
		{8617B5CE-3BBF-4829-8F84-9C04C26C380C}.Debug|Any CPU.ActiveCfg = Debug|Any CPU
		{8617B5CE-3BBF-4829-8F84-9C04C26C380C}.Debug|Any CPU.Build.0 = Debug|Any CPU
		{8617B5CE-3BBF-4829-8F84-9C04C26C380C}.Release|Any CPU.ActiveCfg = Release|Any CPU
		{8617B5CE-3BBF-4829-8F84-9C04C26C380C}.Release|Any CPU.Build.0 = Release|Any CPU
		{EBD14CBC-350E-4564-8840-0099A066B0A4}.Debug|Any CPU.ActiveCfg = Debug|Any CPU
		{EBD14CBC-350E-4564-8840-0099A066B0A4}.Debug|Any CPU.Build.0 = Debug|Any CPU
		{EBD14CBC-350E-4564-8840-0099A066B0A4}.Release|Any CPU.ActiveCfg = Release|Any CPU
		{EBD14CBC-350E-4564-8840-0099A066B0A4}.Release|Any CPU.Build.0 = Release|Any CPU
		{C6272314-B835-4DE8-A53A-35930081A4F2}.Debug|Any CPU.ActiveCfg = Debug|Any CPU
		{C6272314-B835-4DE8-A53A-35930081A4F2}.Debug|Any CPU.Build.0 = Debug|Any CPU
		{C6272314-B835-4DE8-A53A-35930081A4F2}.Release|Any CPU.ActiveCfg = Release|Any CPU
		{C6272314-B835-4DE8-A53A-35930081A4F2}.Release|Any CPU.Build.0 = Release|Any CPU
		{C2BA9039-6ECA-4B0E-80B8-76302ACEF5FC}.Debug|Any CPU.ActiveCfg = Debug|Any CPU
		{C2BA9039-6ECA-4B0E-80B8-76302ACEF5FC}.Debug|Any CPU.Build.0 = Debug|Any CPU
		{C2BA9039-6ECA-4B0E-80B8-76302ACEF5FC}.Release|Any CPU.ActiveCfg = Release|Any CPU
		{C2BA9039-6ECA-4B0E-80B8-76302ACEF5FC}.Release|Any CPU.Build.0 = Release|Any CPU
		{2C146546-802D-4B2B-A32E-22FC4F69EA46}.Debug|Any CPU.ActiveCfg = Debug|Any CPU
		{2C146546-802D-4B2B-A32E-22FC4F69EA46}.Debug|Any CPU.Build.0 = Debug|Any CPU
		{2C146546-802D-4B2B-A32E-22FC4F69EA46}.Release|Any CPU.ActiveCfg = Release|Any CPU
		{2C146546-802D-4B2B-A32E-22FC4F69EA46}.Release|Any CPU.Build.0 = Release|Any CPU
		{FDBB9228-C262-420A-8101-6C1DD0FD95FB}.Debug|Any CPU.ActiveCfg = Debug|Any CPU
		{FDBB9228-C262-420A-8101-6C1DD0FD95FB}.Debug|Any CPU.Build.0 = Debug|Any CPU
		{FDBB9228-C262-420A-8101-6C1DD0FD95FB}.Release|Any CPU.ActiveCfg = Release|Any CPU
		{FDBB9228-C262-420A-8101-6C1DD0FD95FB}.Release|Any CPU.Build.0 = Release|Any CPU
		{49695805-F45B-4376-B518-A133DE4C0438}.Debug|Any CPU.ActiveCfg = Debug|Any CPU
		{49695805-F45B-4376-B518-A133DE4C0438}.Debug|Any CPU.Build.0 = Debug|Any CPU
		{49695805-F45B-4376-B518-A133DE4C0438}.Release|Any CPU.ActiveCfg = Release|Any CPU
		{49695805-F45B-4376-B518-A133DE4C0438}.Release|Any CPU.Build.0 = Release|Any CPU
		{B20EE292-2272-4C34-940F-918211CD5E83}.Debug|Any CPU.ActiveCfg = Debug|Any CPU
		{B20EE292-2272-4C34-940F-918211CD5E83}.Debug|Any CPU.Build.0 = Debug|Any CPU
		{B20EE292-2272-4C34-940F-918211CD5E83}.Release|Any CPU.ActiveCfg = Release|Any CPU
		{B20EE292-2272-4C34-940F-918211CD5E83}.Release|Any CPU.Build.0 = Release|Any CPU
	EndGlobalSection
	GlobalSection(SolutionProperties) = preSolution
		HideSolutionNode = FALSE
	EndGlobalSection
	GlobalSection(NestedProjects) = preSolution
		{8617B5CE-3BBF-4829-8F84-9C04C26C380C} = {7BB72384-714A-49E2-92A9-CC8049BED088}
		{EBD14CBC-350E-4564-8840-0099A066B0A4} = {6AA09734-FC0E-43B9-9DC3-3FF60AFE6FC5}
		{C6272314-B835-4DE8-A53A-35930081A4F2} = {80D4F83A-8718-4BB7-A95C-664C10D4E84C}
		{C2BA9039-6ECA-4B0E-80B8-76302ACEF5FC} = {B7FA3264-AAF8-4E5F-8CB8-4D880E5BCE06}
		{2C146546-802D-4B2B-A32E-22FC4F69EA46} = {CBB1D2F8-9BCA-458E-8A6B-5A6A4DB768B8}
		{FDBB9228-C262-420A-8101-6C1DD0FD95FB} = {948E1BBA-B172-41FC-8D88-89236722216E}
		{49695805-F45B-4376-B518-A133DE4C0438} = {EAD0665C-E090-4DB3-A723-0103DC1368CC}
		{B20EE292-2272-4C34-940F-918211CD5E83} = {7D51915F-411E-4662-998B-BE9F926705BC}
		{EAD0665C-E090-4DB3-A723-0103DC1368CC} = {0E560C6B-EED2-4A66-8E1D-A82456A8F63F}
		{54187645-347D-45BD-9DE6-9D729D2CEFC9} = {0E560C6B-EED2-4A66-8E1D-A82456A8F63F}
		{80D4F83A-8718-4BB7-A95C-664C10D4E84C} = {0E560C6B-EED2-4A66-8E1D-A82456A8F63F}
		{13CC9D08-7A26-4E83-937C-80CC614C170E} = {288816CC-62EE-4483-B04D-B743AD389F2C}
		{948E1BBA-B172-41FC-8D88-89236722216E} = {288816CC-62EE-4483-B04D-B743AD389F2C}
		{6AA09734-FC0E-43B9-9DC3-3FF60AFE6FC5} = {288816CC-62EE-4483-B04D-B743AD389F2C}
		{689737D6-948F-45C8-839B-9CA4DD4660C5} = {F9F8318B-9DF2-4E17-A9AB-4667BBD0A565}
		{CBB1D2F8-9BCA-458E-8A6B-5A6A4DB768B8} = {F9F8318B-9DF2-4E17-A9AB-4667BBD0A565}
		{7BB72384-714A-49E2-92A9-CC8049BED088} = {F9F8318B-9DF2-4E17-A9AB-4667BBD0A565}
		{ACA777CB-114D-43E6-A3CA-6558B67890DB} = {9A259C31-57A2-4453-A73C-F57A2EC82296}
		{7D51915F-411E-4662-998B-BE9F926705BC} = {9A259C31-57A2-4453-A73C-F57A2EC82296}
		{B7FA3264-AAF8-4E5F-8CB8-4D880E5BCE06} = {9A259C31-57A2-4453-A73C-F57A2EC82296}
	EndGlobalSection
	GlobalSection(ExtensibilityGlobals) = postSolution
		SolutionGuid = {69C9957E-86BF-4ECF-99C3-E19AD55AC1F8}
	EndGlobalSection
EndGlobal
